
Microsoft Visual Studio Solution File, Format Version 12.00
# Visual Studio 15
VisualStudioVersion = 15.0.27004.2005
MinimumVisualStudioVersion = 10.0.40219.1
Project("{9A19103F-16F7-4668-BE54-9A1E7A4F7556}") = "Unity.NLog", "src\Unity.NLog.csproj", "{727BC85E-D75C-4A7D-A43B-5F0EE3755E9E}"
EndProject
Project("{9A19103F-16F7-4668-BE54-9A1E7A4F7556}") = "NLog.Tests", "tests\NLog.Tests.csproj", "{7BE4AB49-9EF0-41CC-8974-BE120A62918F}"
EndProject
Global
	GlobalSection(SolutionConfigurationPlatforms) = preSolution
		Debug|Any CPU = Debug|Any CPU
		Release|Any CPU = Release|Any CPU
	EndGlobalSection
	GlobalSection(ProjectConfigurationPlatforms) = postSolution
		{727BC85E-D75C-4A7D-A43B-5F0EE3755E9E}.Debug|Any CPU.ActiveCfg = Debug|Any CPU
		{727BC85E-D75C-4A7D-A43B-5F0EE3755E9E}.Debug|Any CPU.Build.0 = Debug|Any CPU
		{727BC85E-D75C-4A7D-A43B-5F0EE3755E9E}.Release|Any CPU.ActiveCfg = Release|Any CPU
		{727BC85E-D75C-4A7D-A43B-5F0EE3755E9E}.Release|Any CPU.Build.0 = Release|Any CPU
		{7BE4AB49-9EF0-41CC-8974-BE120A62918F}.Debug|Any CPU.ActiveCfg = Debug|Any CPU
		{7BE4AB49-9EF0-41CC-8974-BE120A62918F}.Debug|Any CPU.Build.0 = Debug|Any CPU
		{7BE4AB49-9EF0-41CC-8974-BE120A62918F}.Release|Any CPU.ActiveCfg = Release|Any CPU
		{7BE4AB49-9EF0-41CC-8974-BE120A62918F}.Release|Any CPU.Build.0 = Release|Any CPU
	EndGlobalSection
	GlobalSection(SolutionProperties) = preSolution
		HideSolutionNode = FALSE
	EndGlobalSection
	GlobalSection(ExtensibilityGlobals) = postSolution
		SolutionGuid = {F9EAE93A-CE20-498A-8BC7-183974E8323A}
	EndGlobalSection
EndGlobal
